
Microsoft Visual Studio Solution File, Format Version 12.00
# Visual Studio Version 17
VisualStudioVersion = 17.7.34221.43
MinimumVisualStudioVersion = 10.0.40219.1
Project("{9A19103F-16F7-4668-BE54-9A1E7A4F7556}") = "myMLApp", "myMLApp\myMLApp.csproj", "{2927B707-743E-4FA7-82F4-568D5F5A5357}"
EndProject
Project("{9A19103F-16F7-4668-BE54-9A1E7A4F7556}") = "SentimentModel_ConsoleApp", "SentimentModel_ConsoleApp\SentimentModel_ConsoleApp.csproj", "{C6041352-DDBA-4351-A649-BF944989AFFA}"
EndProject
Global
	GlobalSection(SolutionConfigurationPlatforms) = preSolution
		Debug|Any CPU = Debug|Any CPU
		Release|Any CPU = Release|Any CPU
	EndGlobalSection
	GlobalSection(ProjectConfigurationPlatforms) = postSolution
		{2927B707-743E-4FA7-82F4-568D5F5A5357}.Debug|Any CPU.ActiveCfg = Debug|Any CPU
		{2927B707-743E-4FA7-82F4-568D5F5A5357}.Debug|Any CPU.Build.0 = Debug|Any CPU
		{2927B707-743E-4FA7-82F4-568D5F5A5357}.Release|Any CPU.ActiveCfg = Release|Any CPU
		{2927B707-743E-4FA7-82F4-568D5F5A5357}.Release|Any CPU.Build.0 = Release|Any CPU
		{C6041352-DDBA-4351-A649-BF944989AFFA}.Debug|Any CPU.ActiveCfg = Debug|Any CPU
		{C6041352-DDBA-4351-A649-BF944989AFFA}.Debug|Any CPU.Build.0 = Debug|Any CPU
		{C6041352-DDBA-4351-A649-BF944989AFFA}.Release|Any CPU.ActiveCfg = Release|Any CPU
		{C6041352-DDBA-4351-A649-BF944989AFFA}.Release|Any CPU.Build.0 = Release|Any CPU
	EndGlobalSection
	GlobalSection(SolutionProperties) = preSolution
		HideSolutionNode = FALSE
	EndGlobalSection
	GlobalSection(ExtensibilityGlobals) = postSolution
		SolutionGuid = {88496F17-0095-4489-85AB-68953FF8894C}
	EndGlobalSection
EndGlobal
